
Microsoft Visual Studio Solution File, Format Version 12.00
# Visual Studio Version 16
VisualStudioVersion = 16.0.29209.62
MinimumVisualStudioVersion = 10.0.40219.1
Project("{FAE04EC0-301F-11D3-BF4B-00C04F79EFBC}") = "Array_Bagian1__CS", "Array_Bagian1__CS.csproj", "{183D0A74-D8C8-4D72-B852-33CE5ED3B853}"
EndProject
Global
	GlobalSection(SolutionConfigurationPlatforms) = preSolution
		Debug|Any CPU = Debug|Any CPU
		Release|Any CPU = Release|Any CPU
	EndGlobalSection
	GlobalSection(ProjectConfigurationPlatforms) = postSolution
		{183D0A74-D8C8-4D72-B852-33CE5ED3B853}.Debug|Any CPU.ActiveCfg = Debug|Any CPU
		{183D0A74-D8C8-4D72-B852-33CE5ED3B853}.Debug|Any CPU.Build.0 = Debug|Any CPU
		{183D0A74-D8C8-4D72-B852-33CE5ED3B853}.Release|Any CPU.ActiveCfg = Release|Any CPU
		{183D0A74-D8C8-4D72-B852-33CE5ED3B853}.Release|Any CPU.Build.0 = Release|Any CPU
	EndGlobalSection
	GlobalSection(SolutionProperties) = preSolution
		HideSolutionNode = FALSE
	EndGlobalSection
	GlobalSection(ExtensibilityGlobals) = postSolution
		SolutionGuid = {80E44DD9-966A-428F-9BCB-4CAA8EF775D2}
	EndGlobalSection
EndGlobal
